
Microsoft Visual Studio Solution File, Format Version 12.00
# Visual Studio Version 17
VisualStudioVersion = 17.12.35707.178 d17.12
MinimumVisualStudioVersion = 10.0.40219.1
Project("{FAE04EC0-301F-11D3-BF4B-00C04F79EFBC}") = "Exam", "Exam\Exam.csproj", "{AA19D723-A8CB-43C8-9640-425D2D4CFF87}"
EndProject
Project("{FAE04EC0-301F-11D3-BF4B-00C04F79EFBC}") = "UnitTestProject1", "UnitTestProject1\UnitTestProject1.csproj", "{B8604E51-165D-4101-9FF9-15ECD153CFF6}"
EndProject
Global
	GlobalSection(SolutionConfigurationPlatforms) = preSolution
		Debug|Any CPU = Debug|Any CPU
		Release|Any CPU = Release|Any CPU
	EndGlobalSection
	GlobalSection(ProjectConfigurationPlatforms) = postSolution
		{AA19D723-A8CB-43C8-9640-425D2D4CFF87}.Debug|Any CPU.ActiveCfg = Debug|Any CPU
		{AA19D723-A8CB-43C8-9640-425D2D4CFF87}.Debug|Any CPU.Build.0 = Debug|Any CPU
		{AA19D723-A8CB-43C8-9640-425D2D4CFF87}.Release|Any CPU.ActiveCfg = Release|Any CPU
		{AA19D723-A8CB-43C8-9640-425D2D4CFF87}.Release|Any CPU.Build.0 = Release|Any CPU
		{B8604E51-165D-4101-9FF9-15ECD153CFF6}.Debug|Any CPU.ActiveCfg = Debug|Any CPU
		{B8604E51-165D-4101-9FF9-15ECD153CFF6}.Debug|Any CPU.Build.0 = Debug|Any CPU
		{B8604E51-165D-4101-9FF9-15ECD153CFF6}.Release|Any CPU.ActiveCfg = Release|Any CPU
		{B8604E51-165D-4101-9FF9-15ECD153CFF6}.Release|Any CPU.Build.0 = Release|Any CPU
	EndGlobalSection
	GlobalSection(SolutionProperties) = preSolution
		HideSolutionNode = FALSE
	EndGlobalSection
EndGlobal
